// !$*UTF8*$!
{
	archiveVersion = 1;
	classes = {
	};
	objectVersion = 46;
	objects = {

/* Begin PBXBuildFile section */
		E611F2E91CF631A900217DB8 /* main.m in Sources */ = {isa = PBXBuildFile; fileRef = E611F2E81CF631A900217DB8 /* main.m */; };
		E611F2EC1CF631A900217DB8 /* AppDelegate.m in Sources */ = {isa = PBXBuildFile; fileRef = E611F2EB1CF631A900217DB8 /* AppDelegate.m */; };
		E611F2EF1CF631A900217DB8 /* ViewController.m in Sources */ = {isa = PBXBuildFile; fileRef = E611F2EE1CF631A900217DB8 /* ViewController.m */; };
		E611F2F21CF631A900217DB8 /* Main.storyboard in Resources */ = {isa = PBXBuildFile; fileRef = E611F2F01CF631A900217DB8 /* Main.storyboard */; };
		E611F2F41CF631A900217DB8 /* Assets.xcassets in Resources */ = {isa = PBXBuildFile; fileRef = E611F2F31CF631A900217DB8 /* Assets.xcassets */; };
		E611F2F71CF631A900217DB8 /* LaunchScreen.storyboard in Resources */ = {isa = PBXBuildFile; fileRef = E611F2F51CF631A900217DB8 /* LaunchScreen.storyboard */; };
/* End PBXBuildFile section */

/* Begin PBXFileReference section */
		E611F2E41CF631A900217DB8 /* Twitterizer.app */ = {isa = PBXFileReference; explicitFileType = wrapper.application; includeInIndex = 0; path = Twitterizer.app; sourceTree = BUILT_PRODUCTS_DIR; };
		E611F2E81CF631A900217DB8 /* main.m */ = {isa = PBXFileReference; lastKnownFileType = sourcecode.c.objc; path = main.m; sourceTree = "<group>"; };
		E611F2EA1CF631A900217DB8 /* AppDelegate.h */ = {isa = PBXFileReference; lastKnownFileType = sourcecode.c.h; path = AppDelegate.h; sourceTree = "<group>"; };
		E611F2EB1CF631A900217DB8 /* AppDelegate.m */ = {isa = PBXFileReference; lastKnownFileType = sourcecode.c.objc; path = AppDelegate.m; sourceTree = "<group>"; };
		E611F2ED1CF631A900217DB8 /* ViewController.h */ = {isa = PBXFileReference; lastKnownFileType = sourcecode.c.h; path = ViewController.h; sourceTree = "<group>"; };
		E611F2EE1CF631A900217DB8 /* ViewController.m */ = {isa = PBXFileReference; lastKnownFileType = sourcecode.c.objc; path = ViewController.m; sourceTree = "<group>"; };
		E611F2F11CF631A900217DB8 /* Base */ = {isa = PBXFileReference; lastKnownFileType = file.storyboard; name = Base; path = Base.lproj/Main.storyboard; sourceTree = "<group>"; };
		E611F2F31CF631A900217DB8 /* Assets.xcassets */ = {isa = PBXFileReference; lastKnownFileType = folder.assetcatalog; path = Assets.xcassets; sourceTree = "<group>"; };
		E611F2F61CF631A900217DB8 /* Base */ = {isa = PBXFileReference; lastKnownFileType = file.storyboard; name = Base; path = Base.lproj/LaunchScreen.storyboard; sourceTree = "<group>"; };
		E611F2F81CF631A900217DB8 /* Info.plist */ = {isa = PBXFileReference; lastKnownFileType = text.plist.xml; path = Info.plist; sourceTree = "<group>"; };
/* End PBXFileReference section */

/* Begin PBXFrameworksBuildPhase section */
		E611F2E11CF631A900217DB8 /* Frameworks */ = {
			isa = PBXFrameworksBuildPhase;
			buildActionMask = 2147483647;
			files = (
			);
			runOnlyForDeploymentPostprocessing = 0;
		};
/* End PBXFrameworksBuildPhase section */

/* Begin PBXGroup section */
		E611F2DB1CF631A900217DB8 = {
			isa = PBXGroup;
			children = (
				E611F2E61CF631A900217DB8 /* Twitterizer */,
				E611F2E51CF631A900217DB8 /* Products */,
			);
			sourceTree = "<group>";
		};
		E611F2E51CF631A900217DB8 /* Products */ = {
			isa = PBXGroup;
			children = (
				E611F2E41CF631A900217DB8 /* Twitterizer.app */,
			);
			name = Products;
			sourceTree = "<group>";
		};
		E611F2E61CF631A900217DB8 /* Twitterizer */ = {
			isa = PBXGroup;
			children = (
				E611F2EA1CF631A900217DB8 /* AppDelegate.h */,
				E611F2EB1CF631A900217DB8 /* AppDelegate.m */,
				E611F2ED1CF631A900217DB8 /* ViewController.h */,
				E611F2EE1CF631A900217DB8 /* ViewController.m */,
				E611F2F01CF631A900217DB8 /* Main.storyboard */,
				E611F2F31CF631A900217DB8 /* Assets.xcassets */,
				E611F2F51CF631A900217DB8 /* LaunchScreen.storyboard */,
				E611F2F81CF631A900217DB8 /* Info.plist */,
				E611F2E71CF631A900217DB8 /* Supporting Files */,
			);
			path = Twitterizer;
			sourceTree = "<group>";
		};
		E611F2E71CF631A900217DB8 /* Supporting Files */ = {
			isa = PBXGroup;
			children = (
				E611F2E81CF631A900217DB8 /* main.m */,
			);
			name = "Supporting Files";
			sourceTree = "<group>";
		};
/* End PBXGroup section */

/* Begin PBXNativeTarget section */
		E611F2E31CF631A900217DB8 /* Twitterizer */ = {
			isa = PBXNativeTarget;
			buildConfigurationList = E611F2FB1CF631A900217DB8 /* Build configuration list for PBXNativeTarget "Twitterizer" */;
			buildPhases = (
				E611F2E01CF631A900217DB8 /* Sources */,
				E611F2E11CF631A900217DB8 /* Frameworks */,
				E611F2E21CF631A900217DB8 /* Resources */,
			);
			buildRules = (
			);
			dependencies = (
			);
			name = Twitterizer;
			productName = Twitterizer;
			productReference = E611F2E41CF631A900217DB8 /* Twitterizer.app */;
			productType = "com.apple.product-type.application";
		};
/* End PBXNativeTarget section */

/* Begin PBXProject section */
		E611F2DC1CF631A900217DB8 /* Project object */ = {
			isa = PBXProject;
			attributes = {
				LastUpgradeCheck = 0730;
				ORGANIZATIONNAME = "Paul Lefebvre";
				TargetAttributes = {
					E611F2E31CF631A900217DB8 = {
						CreatedOnToolsVersion = 7.3.1;
					};
				};
			};
			buildConfigurationList = E611F2DF1CF631A900217DB8 /* Build configuration list for PBXProject "Twitterizer" */;
			compatibilityVersion = "Xcode 3.2";
			developmentRegion = English;
			hasScannedForEncodings = 0;
			knownRegions = (
				en,
				Base,
			);
			mainGroup = E611F2DB1CF631A900217DB8;
			productRefGroup = E611F2E51CF631A900217DB8 /* Products */;
			projectDirPath = "";
			projectRoot = "";
			targets = (
				E611F2E31CF631A900217DB8 /* Twitterizer */,
			);
		};
/* End PBXProject section */

/* Begin PBXResourcesBuildPhase section */
		E611F2E21CF631A900217DB8 /* Resources */ = {
			isa = PBXResourcesBuildPhase;
			buildActionMask = 2147483647;
			files = (
				E611F2F71CF631A900217DB8 /* LaunchScreen.storyboard in Resources */,
				E611F2F41CF631A900217DB8 /* Assets.xcassets in Resources */,
				E611F2F21CF631A900217DB8 /* Main.storyboard in Resources */,
			);
			runOnlyForDeploymentPostprocessing = 0;
		};
/* End PBXResourcesBuildPhase section */

/* Begin PBXSourcesBuildPhase section */
		E611F2E01CF631A900217DB8 /* Sources */ = {
			isa = PBXSourcesBuildPhase;
			buildActionMask = 2147483647;
			files = (
				E611F2EF1CF631A900217DB8 /* ViewController.m in Sources */,
				E611F2EC1CF631A900217DB8 /* AppDelegate.m in Sources */,
				E611F2E91CF631A900217DB8 /* main.m in Sources */,
			);
			runOnlyForDeploymentPostprocessing = 0;
		};
/* End PBXSourcesBuildPhase section */

/* Begin PBXVariantGroup section */
		E611F2F01CF631A900217DB8 /* Main.storyboard */ = {
			isa = PBXVariantGroup;
			children = (
				E611F2F11CF631A900217DB8 /* Base */,
			);
			name = Main.storyboard;
			sourceTree = "<group>";
		};
		E611F2F51CF631A900217DB8 /* LaunchScreen.storyboard */ = {
			isa = PBXVariantGroup;
			children = (
				E611F2F61CF631A900217DB8 /* Base */,
			);
			name = LaunchScreen.storyboard;
			sourceTree = "<group>";
		};
/* End PBXVariantGroup section */

/* Begin XCBuildConfiguration section */
		E611F2F91CF631A900217DB8 /* Debug */ = {
			isa = XCBuildConfiguration;
			buildSettings = {
				ALWAYS_SEARCH_USER_PATHS = NO;
				CLANG_ANALYZER_NONNULL = YES;
				CLANG_CXX_LANGUAGE_STANDARD = "gnu++0x";
				CLANG_CXX_LIBRARY = "libc++";
				CLANG_ENABLE_MODULES = YES;
				CLANG_ENABLE_OBJC_ARC = YES;
				CLANG_WARN_BOOL_CONVERSION = YES;
				CLANG_WARN_CONSTANT_CONVERSION = YES;
				CLANG_WARN_DIRECT_OBJC_ISA_USAGE = YES_ERROR;
				CLANG_WARN_EMPTY_BODY = YES;
				CLANG_WARN_ENUM_CONVERSION = YES;
				CLANG_WARN_INT_CONVERSION = YES;
				CLANG_WARN_OBJC_ROOT_CLASS = YES_ERROR;
				CLANG_WARN_UNREACHABLE_CODE = YES;
				CLANG_WARN__DUPLICATE_METHOD_MATCH = YES;
				"CODE_SIGN_IDENTITY[sdk=iphoneos*]" = "iPhone Developer";
				COPY_PHASE_STRIP = NO;
				DEBUG_INFORMATION_FORMAT = dwarf;
				ENABLE_STRICT_OBJC_MSGSEND = YES;
				ENABLE_TESTABILITY = YES;
				GCC_C_LANGUAGE_STANDARD = gnu99;
				GCC_DYNAMIC_NO_PIC = NO;
				GCC_NO_COMMON_BLOCKS = YES;
				GCC_OPTIMIZATION_LEVEL = 0;
				GCC_PREPROCESSOR_DEFINITIONS = (
					"DEBUG=1",
					"$(inherited)",
				);
				GCC_WARN_64_TO_32_BIT_CONVERSION = YES;
				GCC_WARN_ABOUT_RETURN_TYPE = YES_ERROR;
				GCC_WARN_UNDECLARED_SELECTOR = YES;
				GCC_WARN_UNINITIALIZED_AUTOS = YES_AGGRESSIVE;
				GCC_WARN_UNUSED_FUNCTION = YES;
				GCC_WARN_UNUSED_VARIABLE = YES;
				IPHONEOS_DEPLOYMENT_TARGET = 9.3;
				MTL_ENABLE_DEBUG_INFO = YES;
				ONLY_ACTIVE_ARCH = YES;
				SDKROOT = iphoneos;
			};
			name = Debug;
		};
		E611F2FA1CF631A900217DB8 /* Release */ = {
			isa = XCBuildConfiguration;
			buildSettings = {
				ALWAYS_SEARCH_USER_PATHS = NO;
				CLANG_ANALYZER_NONNULL = YES;
				CLANG_CXX_LANGUAGE_STANDARD = "gnu++0x";
				CLANG_CXX_LIBRARY = "libc++";
				CLANG_ENABLE_MODULES = YES;
				CLANG_ENABLE_OBJC_ARC = YES;
				CLANG_WARN_BOOL_CONVERSION = YES;
				CLANG_WARN_CONSTANT_CONVERSION = YES;
				CLANG_WARN_DIRECT_OBJC_ISA_USAGE = YES_ERROR;
				CLANG_WARN_EMPTY_BODY = YES;
				CLANG_WARN_ENUM_CONVERSION = YES;
				CLANG_WARN_INT_CONVERSION = YES;
				CLANG_WARN_OBJC_ROOT_CLASS = YES_ERROR;
				CLANG_WARN_UNREACHABLE_CODE = YES;
				CLANG_WARN__DUPLICATE_METHOD_MATCH = YES;
				"CODE_SIGN_IDENTITY[sdk=iphoneos*]" = "iPhone Developer";
				COPY_PHASE_STRIP = NO;
				DEBUG_INFORMATION_FORMAT = "dwarf-with-dsym";
				ENABLE_NS_ASSERTIONS = NO;
				ENABLE_STRICT_OBJC_MSGSEND = YES;
				GCC_C_LANGUAGE_STANDARD = gnu99;
				GCC_NO_COMMON_BLOCKS = YES;
				GCC_WARN_64_TO_32_BIT_CONVERSION = YES;
				GCC_WARN_ABOUT_RETURN_TYPE = YES_ERROR;
				GCC_WARN_UNDECLARED_SELECTOR = YES;
				GCC_WARN_UNINITIALIZED_AUTOS = YES_AGGRESSIVE;
				GCC_WARN_UNUSED_FUNCTION = YES;
				GCC_WARN_UNUSED_VARIABLE = YES;
				IPHONEOS_DEPLOYMENT_TARGET = 9.3;
				MTL_ENABLE_DEBUG_INFO = NO;
				SDKROOT = iphoneos;
				VALIDATE_PRODUCT = YES;
			};
			name = Release;
		};
		E611F2FC1CF631A900217DB8 /* Debug */ = {
			isa = XCBuildConfiguration;
			buildSettings = {
				ASSETCATALOG_COMPILER_APPICON_NAME = AppIcon;
				INFOPLIST_FILE = Twitterizer/Info.plist;
				LD_RUNPATH_SEARCH_PATHS = "$(inherited) @executable_path/Frameworks";
				PRODUCT_BUNDLE_IDENTIFIER = mobilemakers.Twitterizer;
				PRODUCT_NAME = "$(TARGET_NAME)";
			};
			name = Debug;
		};
		E611F2FD1CF631A900217DB8 /* Release */ = {
			isa = XCBuildConfiguration;
			buildSettings = {
				ASSETCATALOG_COMPILER_APPICON_NAME = AppIcon;
				INFOPLIST_FILE = Twitterizer/Info.plist;
				LD_RUNPATH_SEARCH_PATHS = "$(inherited) @executable_path/Frameworks";
				PRODUCT_BUNDLE_IDENTIFIER = mobilemakers.Twitterizer;
				PRODUCT_NAME = "$(TARGET_NAME)";
			};
			name = Release;
		};
/* End XCBuildConfiguration section */

/* Begin XCConfigurationList section */
		E611F2DF1CF631A900217DB8 /* Build configuration list for PBXProject "Twitterizer" */ = {
			isa = XCConfigurationList;
			buildConfigurations = (
				E611F2F91CF631A900217DB8 /* Debug */,
				E611F2FA1CF631A900217DB8 /* Release */,
			);
			defaultConfigurationIsVisible = 0;
			defaultConfigurationName = Release;
		};
		E611F2FB1CF631A900217DB8 /* Build configuration list for PBXNativeTarget "Twitterizer" */ = {
			isa = XCConfigurationList;
			buildConfigurations = (
				E611F2FC1CF631A900217DB8 /* Debug */,
				E611F2FD1CF631A900217DB8 /* Release */,
			);
			defaultConfigurationIsVisible = 0;
		};
/* End XCConfigurationList section */
	};
	rootObject = E611F2DC1CF631A900217DB8 /* Project object */;
}
